# THIS IS AN AUTOGENERATED FILE. DO NOT EDIT THIS FILE DIRECTLY.
# yarn lockfile v1


core-util-is@~1.0.0:
  version "1.0.2"
  resolved "https://registry.yarnpkg.com/core-util-is/-/core-util-is-1.0.2.tgz#b5fd54220aa2bc5ab57aab7140c940754503c1a7"

inherits@~2.0.3:
  version "2.0.3"
  resolved "https://registry.yarnpkg.com/inherits/-/inherits-2.0.3.tgz#633c2c83e3da42a502f52466022480f4208261de"

ipfs-log@~4.1.0:
  version "4.1.2"
  resolved "https://registry.yarnpkg.com/ipfs-log/-/ipfs-log-4.1.2.tgz#7977cdade11dce3c42e458580918d7b1419fd001"
  dependencies:
    p-map "^1.1.1"
    p-whilst "^1.0.0"

isarray@~1.0.0:
  version "1.0.0"
  resolved "https://registry.yarnpkg.com/isarray/-/isarray-1.0.0.tgz#bb935d48582cba168c06834957a54a3e07124f11"

logplease@^1.2.14:
  version "1.2.15"
  resolved "https://registry.yarnpkg.com/logplease/-/logplease-1.2.15.tgz#3da442e93751a5992cc19010a826b08d0293c48a"

orbit-db-docstore@^1.4.3:
  version "1.4.3"
  resolved "https://registry.yarnpkg.com/orbit-db-docstore/-/orbit-db-docstore-1.4.3.tgz#0e802ad0d23a70f65ccb7f612be00424722253c3"
  dependencies:
    orbit-db-store "~2.5.0"
    p-map "~1.1.1"

orbit-db-store@~2.5.0:
  version "2.5.3"
  resolved "https://registry.yarnpkg.com/orbit-db-store/-/orbit-db-store-2.5.3.tgz#e13ad350a57faf153ae6621cdddecb5a6b3e528b"
  dependencies:
    ipfs-log "~4.1.0"
    logplease "^1.2.14"
    p-each-series "^1.0.0"
    readable-stream "~2.3.5"

p-each-series@^1.0.0:
  version "1.0.0"
  resolved "https://registry.yarnpkg.com/p-each-series/-/p-each-series-1.0.0.tgz#930f3d12dd1f50e7434457a22cd6f04ac6ad7f71"
  dependencies:
    p-reduce "^1.0.0"

p-map@^1.1.1:
  version "1.2.0"
  resolved "https://registry.yarnpkg.com/p-map/-/p-map-1.2.0.tgz#e4e94f311eabbc8633a1e79908165fca26241b6b"

p-map@~1.1.1:
  version "1.1.1"
  resolved "https://registry.yarnpkg.com/p-map/-/p-map-1.1.1.tgz#05f5e4ae97a068371bc2a5cc86bfbdbc19c4ae7a"

p-reduce@^1.0.0:
  version "1.0.0"
  resolved "https://registry.yarnpkg.com/p-reduce/-/p-reduce-1.0.0.tgz#18c2b0dd936a4690a529f8231f58a0fdb6a47dfa"

p-whilst@^1.0.0:
  version "1.0.0"
  resolved "https://registry.yarnpkg.com/p-whilst/-/p-whilst-1.0.0.tgz#54668ead7f934799fc00f1e5230fd6addeb8e7e6"

process-nextick-args@~2.0.0:
  version "2.0.0"
  resolved "https://registry.yarnpkg.com/process-nextick-args/-/process-nextick-args-2.0.0.tgz#a37d732f4271b4ab1ad070d35508e8290788ffaa"

readable-stream@~2.3.5:
  version "2.3.6"
  resolved "https://registry.yarnpkg.com/readable-stream/-/readable-stream-2.3.6.tgz#b11c27d88b8ff1fbe070643cf94b0c79ae1b0aaf"
  dependencies:
    core-util-is "~1.0.0"
    inherits "~2.0.3"
    isarray "~1.0.0"
    process-nextick-args "~2.0.0"
    safe-buffer "~5.1.1"
    string_decoder "~1.1.1"
    util-deprecate "~1.0.1"

safe-buffer@~5.1.0, safe-buffer@~5.1.1:
  version "5.1.2"
  resolved "https://registry.yarnpkg.com/safe-buffer/-/safe-buffer-5.1.2.tgz#991ec69d296e0313747d59bdfd2b745c35f8828d"

string_decoder@~1.1.1:
  version "1.1.1"
  resolved "https://registry.yarnpkg.com/string_decoder/-/string_decoder-1.1.1.tgz#9cf1611ba62685d7030ae9e4ba34149c3af03fc8"
  dependencies:
    safe-buffer "~5.1.0"

util-deprecate@~1.0.1:
  version "1.0.2"
  resolved "https://registry.yarnpkg.com/util-deprecate/-/util-deprecate-1.0.2.tgz#450d4dc9fa70de732762fbd2d4a28981419a0ccf"
